# THIS IS AN AUTOGENERATED FILE. DO NOT EDIT THIS FILE DIRECTLY.
# yarn lockfile v1


"@0xproject/types@^1.1.4":
  version "1.1.4"
  resolved "https://registry.yarnpkg.com/@0xproject/types/-/types-1.1.4.tgz#3ffd65e670d6a21dab19ee0ffd5fad0056291b8e"
  integrity sha512-kPVXvVDDoHhi/q3PSe3F5NbBFiIT8FfPG73J2WrLrXptf54vTSffbK3D+NMpwb12tk/q0KgdEPwNz6nhY1+xmw==
  dependencies:
    "@types/node" "*"
    bignumber.js "~4.1.0"
    ethereum-types "^1.0.11"

"@types/lodash@^4.14.137":
  version "4.14.147"
  resolved "https://registry.yarnpkg.com/@types/lodash/-/lodash-4.14.147.tgz#8ca5cfa9c67753dcb73e507d1bbf1c4f8ba6f029"
  integrity sha512-+0zY1Axql6ru5T85Rh6aR6Zr0xT7c0USLqsHv01b3ID//dOrV3OvpXJGjm69+4QpxoZ0oMNEfmW1ltwXe2WVzQ==

"@types/node@*":
  version "12.12.7"
  resolved "https://registry.yarnpkg.com/@types/node/-/node-12.12.7.tgz#01e4ea724d9e3bd50d90c11fd5980ba317d8fa11"
  integrity sha512-E6Zn0rffhgd130zbCbAr/JdXfXkoOUFAKNs/rF8qnafSJ8KYaA/j3oz7dcwal+lYjLA7xvdd5J4wdYpCTlP8+w==

"@types/node@^12.12.3":
  version "12.12.26"
  resolved "https://registry.yarnpkg.com/@types/node/-/node-12.12.26.tgz#213e153babac0ed169d44a6d919501e68f59dea9"
  integrity sha512-UmUm94/QZvU5xLcUlNR8hA7Ac+fGpO1EG/a8bcWVz0P0LqtxFmun9Y2bbtuckwGboWJIT70DoWq1r3hb56n3DA==

bignumber.js@~4.1.0:
  version "4.1.0"
  resolved "https://registry.yarnpkg.com/bignumber.js/-/bignumber.js-4.1.0.tgz#db6f14067c140bd46624815a7916c92d9b6c24b1"
  integrity sha512-eJzYkFYy9L4JzXsbymsFn3p54D+llV27oTQ+ziJG7WFRheJcNZilgVXMG0LoZtlQSKBsJdWtLFqOD0u+U0jZKA==

ethereum-types@^1.0.11:
  version "1.1.6"
  resolved "https://registry.yarnpkg.com/ethereum-types/-/ethereum-types-1.1.6.tgz#14437dbf401de361e70dac6358e5f2915ad3c35d"
  integrity sha512-/1ixUyyg0f3Gor+U+3Kc3o9AvS8V5hNVHS9qeNXlooqVee+FIpv5kq+SOgMpKSNSVKp4wBJSjrzp0ShjbKo3bA==
  dependencies:
    "@types/node" "*"
    bignumber.js "~4.1.0"

typescript@^3.5.3:
  version "3.7.2"
  resolved "https://registry.yarnpkg.com/typescript/-/typescript-3.7.2.tgz#27e489b95fa5909445e9fef5ee48d81697ad18fb"
  integrity sha512-ml7V7JfiN2Xwvcer+XAf2csGO1bPBdRbFCkYBczNZggrBZ9c7G3riSUeJmqEU5uOtXNPMhE3n+R4FA/3YOAWOQ==
